
Microsoft Visual Studio Solution File, Format Version 12.00
# Visual Studio Version 17
VisualStudioVersion = 17.0.31903.59
MinimumVisualStudioVersion = 10.0.40219.1
Project("{2150E333-8FDC-42A3-9474-1A3956D46DE8}") = "CafeSales", "CafeSales", "{24F60EBD-D598-4FBF-2B72-4780AECF6FB0}"
EndProject
Project("{FAE04EC0-301F-11D3-BF4B-00C04F79EFBC}") = "CafeSales.Models", "CafeSales\CafeSales.Models\CafeSales.Models.csproj", "{F6D75369-7783-4578-83A9-021F214C251D}"
EndProject
Project("{FAE04EC0-301F-11D3-BF4B-00C04F79EFBC}") = "CafeSales.Data", "CafeSales\CafeSales.Data\CafeSales.Data.csproj", "{860EAD32-1D33-457E-B31D-06E3E0DCB54C}"
EndProject
Project("{FAE04EC0-301F-11D3-BF4B-00C04F79EFBC}") = "CafeSales.Business", "CafeSales\CafeSales.Business\CafeSales.Business.csproj", "{A2CC7FF1-B9F5-4C9C-A194-A7B1ACBD6BA2}"
EndProject
Project("{FAE04EC0-301F-11D3-BF4B-00C04F79EFBC}") = "CafeSales.Web", "CafeSales\CafeSales.Web\CafeSales.Web.csproj", "{F46FDF51-E098-4E9D-865B-6E6C75E392B1}"
EndProject
Project("{FAE04EC0-301F-11D3-BF4B-00C04F79EFBC}") = "CafeSales.Tests", "CafeSales\CafeSales.Tests\CafeSales.Tests.csproj", "{146C1B6E-51BA-4673-82FD-A40DE33FCF35}"
EndProject
Global
	GlobalSection(SolutionConfigurationPlatforms) = preSolution
		Debug|Any CPU = Debug|Any CPU
		Debug|x64 = Debug|x64
		Debug|x86 = Debug|x86
		Release|Any CPU = Release|Any CPU
		Release|x64 = Release|x64
		Release|x86 = Release|x86
	EndGlobalSection
	GlobalSection(ProjectConfigurationPlatforms) = postSolution
		{F6D75369-7783-4578-83A9-021F214C251D}.Debug|Any CPU.ActiveCfg = Debug|Any CPU
		{F6D75369-7783-4578-83A9-021F214C251D}.Debug|Any CPU.Build.0 = Debug|Any CPU
		{F6D75369-7783-4578-83A9-021F214C251D}.Debug|x64.ActiveCfg = Debug|Any CPU
		{F6D75369-7783-4578-83A9-021F214C251D}.Debug|x64.Build.0 = Debug|Any CPU
		{F6D75369-7783-4578-83A9-021F214C251D}.Debug|x86.ActiveCfg = Debug|Any CPU
		{F6D75369-7783-4578-83A9-021F214C251D}.Debug|x86.Build.0 = Debug|Any CPU
		{F6D75369-7783-4578-83A9-021F214C251D}.Release|Any CPU.ActiveCfg = Release|Any CPU
		{F6D75369-7783-4578-83A9-021F214C251D}.Release|Any CPU.Build.0 = Release|Any CPU
		{F6D75369-7783-4578-83A9-021F214C251D}.Release|x64.ActiveCfg = Release|Any CPU
		{F6D75369-7783-4578-83A9-021F214C251D}.Release|x64.Build.0 = Release|Any CPU
		{F6D75369-7783-4578-83A9-021F214C251D}.Release|x86.ActiveCfg = Release|Any CPU
		{F6D75369-7783-4578-83A9-021F214C251D}.Release|x86.Build.0 = Release|Any CPU
		{860EAD32-1D33-457E-B31D-06E3E0DCB54C}.Debug|Any CPU.ActiveCfg = Debug|Any CPU
		{860EAD32-1D33-457E-B31D-06E3E0DCB54C}.Debug|Any CPU.Build.0 = Debug|Any CPU
		{860EAD32-1D33-457E-B31D-06E3E0DCB54C}.Debug|x64.ActiveCfg = Debug|Any CPU
		{860EAD32-1D33-457E-B31D-06E3E0DCB54C}.Debug|x64.Build.0 = Debug|Any CPU
		{860EAD32-1D33-457E-B31D-06E3E0DCB54C}.Debug|x86.ActiveCfg = Debug|Any CPU
		{860EAD32-1D33-457E-B31D-06E3E0DCB54C}.Debug|x86.Build.0 = Debug|Any CPU
		{860EAD32-1D33-457E-B31D-06E3E0DCB54C}.Release|Any CPU.ActiveCfg = Release|Any CPU
		{860EAD32-1D33-457E-B31D-06E3E0DCB54C}.Release|Any CPU.Build.0 = Release|Any CPU
		{860EAD32-1D33-457E-B31D-06E3E0DCB54C}.Release|x64.ActiveCfg = Release|Any CPU
		{860EAD32-1D33-457E-B31D-06E3E0DCB54C}.Release|x64.Build.0 = Release|Any CPU
		{860EAD32-1D33-457E-B31D-06E3E0DCB54C}.Release|x86.ActiveCfg = Release|Any CPU
		{860EAD32-1D33-457E-B31D-06E3E0DCB54C}.Release|x86.Build.0 = Release|Any CPU
		{A2CC7FF1-B9F5-4C9C-A194-A7B1ACBD6BA2}.Debug|Any CPU.ActiveCfg = Debug|Any CPU
		{A2CC7FF1-B9F5-4C9C-A194-A7B1ACBD6BA2}.Debug|Any CPU.Build.0 = Debug|Any CPU
		{A2CC7FF1-B9F5-4C9C-A194-A7B1ACBD6BA2}.Debug|x64.ActiveCfg = Debug|Any CPU
		{A2CC7FF1-B9F5-4C9C-A194-A7B1ACBD6BA2}.Debug|x64.Build.0 = Debug|Any CPU
		{A2CC7FF1-B9F5-4C9C-A194-A7B1ACBD6BA2}.Debug|x86.ActiveCfg = Debug|Any CPU
		{A2CC7FF1-B9F5-4C9C-A194-A7B1ACBD6BA2}.Debug|x86.Build.0 = Debug|Any CPU
		{A2CC7FF1-B9F5-4C9C-A194-A7B1ACBD6BA2}.Release|Any CPU.ActiveCfg = Release|Any CPU
		{A2CC7FF1-B9F5-4C9C-A194-A7B1ACBD6BA2}.Release|Any CPU.Build.0 = Release|Any CPU
		{A2CC7FF1-B9F5-4C9C-A194-A7B1ACBD6BA2}.Release|x64.ActiveCfg = Release|Any CPU
		{A2CC7FF1-B9F5-4C9C-A194-A7B1ACBD6BA2}.Release|x64.Build.0 = Release|Any CPU
		{A2CC7FF1-B9F5-4C9C-A194-A7B1ACBD6BA2}.Release|x86.ActiveCfg = Release|Any CPU
		{A2CC7FF1-B9F5-4C9C-A194-A7B1ACBD6BA2}.Release|x86.Build.0 = Release|Any CPU
		{F46FDF51-E098-4E9D-865B-6E6C75E392B1}.Debug|Any CPU.ActiveCfg = Debug|Any CPU
		{F46FDF51-E098-4E9D-865B-6E6C75E392B1}.Debug|Any CPU.Build.0 = Debug|Any CPU
		{F46FDF51-E098-4E9D-865B-6E6C75E392B1}.Debug|x64.ActiveCfg = Debug|Any CPU
		{F46FDF51-E098-4E9D-865B-6E6C75E392B1}.Debug|x64.Build.0 = Debug|Any CPU
		{F46FDF51-E098-4E9D-865B-6E6C75E392B1}.Debug|x86.ActiveCfg = Debug|Any CPU
		{F46FDF51-E098-4E9D-865B-6E6C75E392B1}.Debug|x86.Build.0 = Debug|Any CPU
		{F46FDF51-E098-4E9D-865B-6E6C75E392B1}.Release|Any CPU.ActiveCfg = Release|Any CPU
		{F46FDF51-E098-4E9D-865B-6E6C75E392B1}.Release|Any CPU.Build.0 = Release|Any CPU
		{F46FDF51-E098-4E9D-865B-6E6C75E392B1}.Release|x64.ActiveCfg = Release|Any CPU
		{F46FDF51-E098-4E9D-865B-6E6C75E392B1}.Release|x64.Build.0 = Release|Any CPU
		{F46FDF51-E098-4E9D-865B-6E6C75E392B1}.Release|x86.ActiveCfg = Release|Any CPU
		{F46FDF51-E098-4E9D-865B-6E6C75E392B1}.Release|x86.Build.0 = Release|Any CPU
		{146C1B6E-51BA-4673-82FD-A40DE33FCF35}.Debug|Any CPU.ActiveCfg = Debug|Any CPU
		{146C1B6E-51BA-4673-82FD-A40DE33FCF35}.Debug|Any CPU.Build.0 = Debug|Any CPU
		{146C1B6E-51BA-4673-82FD-A40DE33FCF35}.Debug|x64.ActiveCfg = Debug|Any CPU
		{146C1B6E-51BA-4673-82FD-A40DE33FCF35}.Debug|x64.Build.0 = Debug|Any CPU
		{146C1B6E-51BA-4673-82FD-A40DE33FCF35}.Debug|x86.ActiveCfg = Debug|Any CPU
		{146C1B6E-51BA-4673-82FD-A40DE33FCF35}.Debug|x86.Build.0 = Debug|Any CPU
		{146C1B6E-51BA-4673-82FD-A40DE33FCF35}.Release|Any CPU.ActiveCfg = Release|Any CPU
		{146C1B6E-51BA-4673-82FD-A40DE33FCF35}.Release|Any CPU.Build.0 = Release|Any CPU
		{146C1B6E-51BA-4673-82FD-A40DE33FCF35}.Release|x64.ActiveCfg = Release|Any CPU
		{146C1B6E-51BA-4673-82FD-A40DE33FCF35}.Release|x64.Build.0 = Release|Any CPU
		{146C1B6E-51BA-4673-82FD-A40DE33FCF35}.Release|x86.ActiveCfg = Release|Any CPU
		{146C1B6E-51BA-4673-82FD-A40DE33FCF35}.Release|x86.Build.0 = Release|Any CPU
	EndGlobalSection
	GlobalSection(SolutionProperties) = preSolution
		HideSolutionNode = FALSE
	EndGlobalSection
	GlobalSection(NestedProjects) = preSolution
		{F6D75369-7783-4578-83A9-021F214C251D} = {24F60EBD-D598-4FBF-2B72-4780AECF6FB0}
		{860EAD32-1D33-457E-B31D-06E3E0DCB54C} = {24F60EBD-D598-4FBF-2B72-4780AECF6FB0}
		{A2CC7FF1-B9F5-4C9C-A194-A7B1ACBD6BA2} = {24F60EBD-D598-4FBF-2B72-4780AECF6FB0}
		{F46FDF51-E098-4E9D-865B-6E6C75E392B1} = {24F60EBD-D598-4FBF-2B72-4780AECF6FB0}
		{146C1B6E-51BA-4673-82FD-A40DE33FCF35} = {24F60EBD-D598-4FBF-2B72-4780AECF6FB0}
	EndGlobalSection
EndGlobal
